
Microsoft Visual Studio Solution File, Format Version 12.00
# Visual Studio Version 17
VisualStudioVersion = 17.8.34316.72
MinimumVisualStudioVersion = 10.0.40219.1
Project("{9A19103F-16F7-4668-BE54-9A1E7A4F7556}") = "Beep.Python.Model", "Beep.Python.Model\Beep.Python.Model.csproj", "{7762433E-4F76-488B-8514-359E6A103AAD}"
EndProject
Project("{9A19103F-16F7-4668-BE54-9A1E7A4F7556}") = "Beep.Python.Nodes", "Beep.Python.Nodes\Beep.Python.Nodes.csproj", "{4A36F88C-5562-4EAF-9182-CA4ECBCABC72}"
EndProject
Project("{9A19103F-16F7-4668-BE54-9A1E7A4F7556}") = "Beep.Python.Runtime.PythonNet", "Beep.Python.Runtime\Beep.Python.Runtime.PythonNet.csproj", "{D2C6F958-C83A-4724-92BB-059EE7A8D9E4}"
EndProject
Project("{FAE04EC0-301F-11D3-BF4B-00C04F79EFBC}") = "Beep.Python.AI.Transformers", "Beep.Python.Hugginface\Beep.Python.AI.Transformers.csproj", "{FD5E2EB6-5700-46A4-8AD9-1C8747CDC465}"
EndProject
Project("{FAE04EC0-301F-11D3-BF4B-00C04F79EFBC}") = "Beep.Python.DataManagement", "Beep.Python.DataManagement\Beep.Python.DataManagement.csproj", "{74099135-9282-4AEA-95A8-1ADB9AD3A88A}"
EndProject
Project("{FAE04EC0-301F-11D3-BF4B-00C04F79EFBC}") = "Beep.Python.PackageManagement", "Beep.Python.PackageManagement\Beep.Python.PackageManagement.csproj", "{9D5E3FE1-CFCB-4812-AE42-BFC865131F91}"
EndProject
Project("{FAE04EC0-301F-11D3-BF4B-00C04F79EFBC}") = "Beep.Python.ML", "Beep.Python.ML\Beep.Python.ML.csproj", "{AEF798CC-15F3-4382-B25A-6A1651A1D77A}"
EndProject
Project("{FAE04EC0-301F-11D3-BF4B-00C04F79EFBC}") = "Beep.Python.Winform", "Beep.Python.Winform\Beep.Python.Winform.csproj", "{D2197B3F-A714-4B94-A512-103CCB5E30EE}"
EndProject
Project("{FAE04EC0-301F-11D3-BF4B-00C04F79EFBC}") = "Beep.Python.Services", "Beep.Python.Services.MsDependency\Beep.Python.Services.csproj", "{E593921B-3893-842A-1026-D154625257A9}"
EndProject
Global
	GlobalSection(SolutionConfigurationPlatforms) = preSolution
		Debug|Any CPU = Debug|Any CPU
		Debug|x64 = Debug|x64
		Release|Any CPU = Release|Any CPU
		Release|x64 = Release|x64
	EndGlobalSection
	GlobalSection(ProjectConfigurationPlatforms) = postSolution
		{7762433E-4F76-488B-8514-359E6A103AAD}.Debug|Any CPU.ActiveCfg = Debug|Any CPU
		{7762433E-4F76-488B-8514-359E6A103AAD}.Debug|Any CPU.Build.0 = Debug|Any CPU
		{7762433E-4F76-488B-8514-359E6A103AAD}.Debug|x64.ActiveCfg = Debug|Any CPU
		{7762433E-4F76-488B-8514-359E6A103AAD}.Debug|x64.Build.0 = Debug|Any CPU
		{7762433E-4F76-488B-8514-359E6A103AAD}.Release|Any CPU.ActiveCfg = Release|Any CPU
		{7762433E-4F76-488B-8514-359E6A103AAD}.Release|Any CPU.Build.0 = Release|Any CPU
		{7762433E-4F76-488B-8514-359E6A103AAD}.Release|x64.ActiveCfg = Release|Any CPU
		{7762433E-4F76-488B-8514-359E6A103AAD}.Release|x64.Build.0 = Release|Any CPU
		{4A36F88C-5562-4EAF-9182-CA4ECBCABC72}.Debug|Any CPU.ActiveCfg = Debug|Any CPU
		{4A36F88C-5562-4EAF-9182-CA4ECBCABC72}.Debug|Any CPU.Build.0 = Debug|Any CPU
		{4A36F88C-5562-4EAF-9182-CA4ECBCABC72}.Debug|x64.ActiveCfg = Debug|Any CPU
		{4A36F88C-5562-4EAF-9182-CA4ECBCABC72}.Debug|x64.Build.0 = Debug|Any CPU
		{4A36F88C-5562-4EAF-9182-CA4ECBCABC72}.Release|Any CPU.ActiveCfg = Release|Any CPU
		{4A36F88C-5562-4EAF-9182-CA4ECBCABC72}.Release|Any CPU.Build.0 = Release|Any CPU
		{4A36F88C-5562-4EAF-9182-CA4ECBCABC72}.Release|x64.ActiveCfg = Release|Any CPU
		{4A36F88C-5562-4EAF-9182-CA4ECBCABC72}.Release|x64.Build.0 = Release|Any CPU
		{D2C6F958-C83A-4724-92BB-059EE7A8D9E4}.Debug|Any CPU.ActiveCfg = Debug|Any CPU
		{D2C6F958-C83A-4724-92BB-059EE7A8D9E4}.Debug|Any CPU.Build.0 = Debug|Any CPU
		{D2C6F958-C83A-4724-92BB-059EE7A8D9E4}.Debug|x64.ActiveCfg = Debug|Any CPU
		{D2C6F958-C83A-4724-92BB-059EE7A8D9E4}.Debug|x64.Build.0 = Debug|Any CPU
		{D2C6F958-C83A-4724-92BB-059EE7A8D9E4}.Release|Any CPU.ActiveCfg = Release|Any CPU
		{D2C6F958-C83A-4724-92BB-059EE7A8D9E4}.Release|Any CPU.Build.0 = Release|Any CPU
		{D2C6F958-C83A-4724-92BB-059EE7A8D9E4}.Release|x64.ActiveCfg = Release|Any CPU
		{D2C6F958-C83A-4724-92BB-059EE7A8D9E4}.Release|x64.Build.0 = Release|Any CPU
		{FD5E2EB6-5700-46A4-8AD9-1C8747CDC465}.Debug|Any CPU.ActiveCfg = Debug|Any CPU
		{FD5E2EB6-5700-46A4-8AD9-1C8747CDC465}.Debug|Any CPU.Build.0 = Debug|Any CPU
		{FD5E2EB6-5700-46A4-8AD9-1C8747CDC465}.Debug|x64.ActiveCfg = Debug|Any CPU
		{FD5E2EB6-5700-46A4-8AD9-1C8747CDC465}.Debug|x64.Build.0 = Debug|Any CPU
		{FD5E2EB6-5700-46A4-8AD9-1C8747CDC465}.Release|Any CPU.ActiveCfg = Release|Any CPU
		{FD5E2EB6-5700-46A4-8AD9-1C8747CDC465}.Release|Any CPU.Build.0 = Release|Any CPU
		{FD5E2EB6-5700-46A4-8AD9-1C8747CDC465}.Release|x64.ActiveCfg = Release|Any CPU
		{FD5E2EB6-5700-46A4-8AD9-1C8747CDC465}.Release|x64.Build.0 = Release|Any CPU
		{74099135-9282-4AEA-95A8-1ADB9AD3A88A}.Debug|Any CPU.ActiveCfg = Debug|Any CPU
		{74099135-9282-4AEA-95A8-1ADB9AD3A88A}.Debug|Any CPU.Build.0 = Debug|Any CPU
		{74099135-9282-4AEA-95A8-1ADB9AD3A88A}.Debug|x64.ActiveCfg = Debug|Any CPU
		{74099135-9282-4AEA-95A8-1ADB9AD3A88A}.Debug|x64.Build.0 = Debug|Any CPU
		{74099135-9282-4AEA-95A8-1ADB9AD3A88A}.Release|Any CPU.ActiveCfg = Release|Any CPU
		{74099135-9282-4AEA-95A8-1ADB9AD3A88A}.Release|Any CPU.Build.0 = Release|Any CPU
		{74099135-9282-4AEA-95A8-1ADB9AD3A88A}.Release|x64.ActiveCfg = Release|Any CPU
		{74099135-9282-4AEA-95A8-1ADB9AD3A88A}.Release|x64.Build.0 = Release|Any CPU
		{9D5E3FE1-CFCB-4812-AE42-BFC865131F91}.Debug|Any CPU.ActiveCfg = Debug|Any CPU
		{9D5E3FE1-CFCB-4812-AE42-BFC865131F91}.Debug|Any CPU.Build.0 = Debug|Any CPU
		{9D5E3FE1-CFCB-4812-AE42-BFC865131F91}.Debug|x64.ActiveCfg = Debug|Any CPU
		{9D5E3FE1-CFCB-4812-AE42-BFC865131F91}.Debug|x64.Build.0 = Debug|Any CPU
		{9D5E3FE1-CFCB-4812-AE42-BFC865131F91}.Release|Any CPU.ActiveCfg = Release|Any CPU
		{9D5E3FE1-CFCB-4812-AE42-BFC865131F91}.Release|Any CPU.Build.0 = Release|Any CPU
		{9D5E3FE1-CFCB-4812-AE42-BFC865131F91}.Release|x64.ActiveCfg = Release|Any CPU
		{9D5E3FE1-CFCB-4812-AE42-BFC865131F91}.Release|x64.Build.0 = Release|Any CPU
		{AEF798CC-15F3-4382-B25A-6A1651A1D77A}.Debug|Any CPU.ActiveCfg = Debug|Any CPU
		{AEF798CC-15F3-4382-B25A-6A1651A1D77A}.Debug|Any CPU.Build.0 = Debug|Any CPU
		{AEF798CC-15F3-4382-B25A-6A1651A1D77A}.Debug|x64.ActiveCfg = Debug|Any CPU
		{AEF798CC-15F3-4382-B25A-6A1651A1D77A}.Debug|x64.Build.0 = Debug|Any CPU
		{AEF798CC-15F3-4382-B25A-6A1651A1D77A}.Release|Any CPU.ActiveCfg = Release|Any CPU
		{AEF798CC-15F3-4382-B25A-6A1651A1D77A}.Release|Any CPU.Build.0 = Release|Any CPU
		{AEF798CC-15F3-4382-B25A-6A1651A1D77A}.Release|x64.ActiveCfg = Release|Any CPU
		{AEF798CC-15F3-4382-B25A-6A1651A1D77A}.Release|x64.Build.0 = Release|Any CPU
		{D2197B3F-A714-4B94-A512-103CCB5E30EE}.Debug|Any CPU.ActiveCfg = Debug|Any CPU
		{D2197B3F-A714-4B94-A512-103CCB5E30EE}.Debug|Any CPU.Build.0 = Debug|Any CPU
		{D2197B3F-A714-4B94-A512-103CCB5E30EE}.Debug|x64.ActiveCfg = Debug|Any CPU
		{D2197B3F-A714-4B94-A512-103CCB5E30EE}.Debug|x64.Build.0 = Debug|Any CPU
		{D2197B3F-A714-4B94-A512-103CCB5E30EE}.Release|Any CPU.ActiveCfg = Release|Any CPU
		{D2197B3F-A714-4B94-A512-103CCB5E30EE}.Release|Any CPU.Build.0 = Release|Any CPU
		{D2197B3F-A714-4B94-A512-103CCB5E30EE}.Release|x64.ActiveCfg = Release|Any CPU
		{D2197B3F-A714-4B94-A512-103CCB5E30EE}.Release|x64.Build.0 = Release|Any CPU
		{E593921B-3893-842A-1026-D154625257A9}.Debug|Any CPU.ActiveCfg = Debug|Any CPU
		{E593921B-3893-842A-1026-D154625257A9}.Debug|Any CPU.Build.0 = Debug|Any CPU
		{E593921B-3893-842A-1026-D154625257A9}.Debug|x64.ActiveCfg = Debug|Any CPU
		{E593921B-3893-842A-1026-D154625257A9}.Debug|x64.Build.0 = Debug|Any CPU
		{E593921B-3893-842A-1026-D154625257A9}.Release|Any CPU.ActiveCfg = Release|Any CPU
		{E593921B-3893-842A-1026-D154625257A9}.Release|Any CPU.Build.0 = Release|Any CPU
		{E593921B-3893-842A-1026-D154625257A9}.Release|x64.ActiveCfg = Release|Any CPU
		{E593921B-3893-842A-1026-D154625257A9}.Release|x64.Build.0 = Release|Any CPU
	EndGlobalSection
	GlobalSection(SolutionProperties) = preSolution
		HideSolutionNode = FALSE
	EndGlobalSection
	GlobalSection(ExtensibilityGlobals) = postSolution
		SolutionGuid = {0A3BBE3C-1CBF-4C8D-AA2B-4E634C7EC151}
	EndGlobalSection
EndGlobal
